// !$*UTF8*$!
{
	archiveVersion = 1;
	classes = {
	};
	objectVersion = 46;
	objects = {

/* Begin PBXBuildFile section */
		5A244105A477BD5CB2A89820 /* Pods_MovieViewer.framework in Frameworks */ = {isa = PBXBuildFile; fileRef = 88083B729AC135243CD7600B /* Pods_MovieViewer.framework */; };
		F64C97841C644E020050B169 /* DetailViewController.swift in Sources */ = {isa = PBXBuildFile; fileRef = F64C97831C644E020050B169 /* DetailViewController.swift */; };
		F68FC5B11C5743BD00D7C26A /* AppDelegate.swift in Sources */ = {isa = PBXBuildFile; fileRef = F68FC5B01C5743BD00D7C26A /* AppDelegate.swift */; };
		F68FC5B61C5743BD00D7C26A /* Main.storyboard in Resources */ = {isa = PBXBuildFile; fileRef = F68FC5B41C5743BD00D7C26A /* Main.storyboard */; };
		F68FC5B81C5743BD00D7C26A /* Assets.xcassets in Resources */ = {isa = PBXBuildFile; fileRef = F68FC5B71C5743BD00D7C26A /* Assets.xcassets */; };
		F68FC5BB1C5743BD00D7C26A /* LaunchScreen.storyboard in Resources */ = {isa = PBXBuildFile; fileRef = F68FC5B91C5743BD00D7C26A /* LaunchScreen.storyboard */; };
		F68FC5C31C5743F300D7C26A /* MoviesViewController.swift in Sources */ = {isa = PBXBuildFile; fileRef = F68FC5C21C5743F300D7C26A /* MoviesViewController.swift */; };
		F68FC5C61C5749FE00D7C26A /* MovieCell.swift in Sources */ = {isa = PBXBuildFile; fileRef = F68FC5C51C5749FE00D7C26A /* MovieCell.swift */; };
/* End PBXBuildFile section */

/* Begin PBXFileReference section */
		88083B729AC135243CD7600B /* Pods_MovieViewer.framework */ = {isa = PBXFileReference; explicitFileType = wrapper.framework; includeInIndex = 0; path = Pods_MovieViewer.framework; sourceTree = BUILT_PRODUCTS_DIR; };
		C999F4B12CEA28681ACD5DC7 /* Pods-MovieViewer.debug.xcconfig */ = {isa = PBXFileReference; includeInIndex = 1; lastKnownFileType = text.xcconfig; name = "Pods-MovieViewer.debug.xcconfig"; path = "Pods/Target Support Files/Pods-MovieViewer/Pods-MovieViewer.debug.xcconfig"; sourceTree = "<group>"; };
		CDB32CE94615A2C69A75D579 /* Pods-MovieViewer.release.xcconfig */ = {isa = PBXFileReference; includeInIndex = 1; lastKnownFileType = text.xcconfig; name = "Pods-MovieViewer.release.xcconfig"; path = "Pods/Target Support Files/Pods-MovieViewer/Pods-MovieViewer.release.xcconfig"; sourceTree = "<group>"; };
		F64C97831C644E020050B169 /* DetailViewController.swift */ = {isa = PBXFileReference; fileEncoding = 4; lastKnownFileType = sourcecode.swift; path = DetailViewController.swift; sourceTree = "<group>"; };
		F68FC5AD1C5743BD00D7C26A /* MovieViewer.app */ = {isa = PBXFileReference; explicitFileType = wrapper.application; includeInIndex = 0; path = MovieViewer.app; sourceTree = BUILT_PRODUCTS_DIR; };
		F68FC5B01C5743BD00D7C26A /* AppDelegate.swift */ = {isa = PBXFileReference; lastKnownFileType = sourcecode.swift; path = AppDelegate.swift; sourceTree = "<group>"; };
		F68FC5B51C5743BD00D7C26A /* Base */ = {isa = PBXFileReference; lastKnownFileType = file.storyboard; name = Base; path = Base.lproj/Main.storyboard; sourceTree = "<group>"; };
		F68FC5B71C5743BD00D7C26A /* Assets.xcassets */ = {isa = PBXFileReference; lastKnownFileType = folder.assetcatalog; path = Assets.xcassets; sourceTree = "<group>"; };
		F68FC5BA1C5743BD00D7C26A /* Base */ = {isa = PBXFileReference; lastKnownFileType = file.storyboard; name = Base; path = Base.lproj/LaunchScreen.storyboard; sourceTree = "<group>"; };
		F68FC5BC1C5743BD00D7C26A /* Info.plist */ = {isa = PBXFileReference; lastKnownFileType = text.plist.xml; path = Info.plist; sourceTree = "<group>"; };
		F68FC5C21C5743F300D7C26A /* MoviesViewController.swift */ = {isa = PBXFileReference; fileEncoding = 4; lastKnownFileType = sourcecode.swift; path = MoviesViewController.swift; sourceTree = "<group>"; };
		F68FC5C51C5749FE00D7C26A /* MovieCell.swift */ = {isa = PBXFileReference; fileEncoding = 4; lastKnownFileType = sourcecode.swift; path = MovieCell.swift; sourceTree = "<group>"; };
/* End PBXFileReference section */

/* Begin PBXFrameworksBuildPhase section */
		F68FC5AA1C5743BD00D7C26A /* Frameworks */ = {
			isa = PBXFrameworksBuildPhase;
			buildActionMask = 2147483647;
			files = (
				5A244105A477BD5CB2A89820 /* Pods_MovieViewer.framework in Frameworks */,
			);
			runOnlyForDeploymentPostprocessing = 0;
		};
/* End PBXFrameworksBuildPhase section */

/* Begin PBXGroup section */
		3385C061FED7C3B0E952C345 /* Pods */ = {
			isa = PBXGroup;
			children = (
				C999F4B12CEA28681ACD5DC7 /* Pods-MovieViewer.debug.xcconfig */,
				CDB32CE94615A2C69A75D579 /* Pods-MovieViewer.release.xcconfig */,
			);
			name = Pods;
			sourceTree = "<group>";
		};
		737A80DEF36BC26D93B3873C /* Frameworks */ = {
			isa = PBXGroup;
			children = (
				88083B729AC135243CD7600B /* Pods_MovieViewer.framework */,
			);
			name = Frameworks;
			sourceTree = "<group>";
		};
		F68FC5A41C5743BD00D7C26A = {
			isa = PBXGroup;
			children = (
				F68FC5AF1C5743BD00D7C26A /* MovieViewer */,
				F68FC5AE1C5743BD00D7C26A /* Products */,
				3385C061FED7C3B0E952C345 /* Pods */,
				737A80DEF36BC26D93B3873C /* Frameworks */,
			);
			sourceTree = "<group>";
		};
		F68FC5AE1C5743BD00D7C26A /* Products */ = {
			isa = PBXGroup;
			children = (
				F68FC5AD1C5743BD00D7C26A /* MovieViewer.app */,
			);
			name = Products;
			sourceTree = "<group>";
		};
		F68FC5AF1C5743BD00D7C26A /* MovieViewer */ = {
			isa = PBXGroup;
			children = (
				F68FC5C71C574A0500D7C26A /* ViewControllers */,
				F68FC5C41C5749CD00D7C26A /* Views */,
				F68FC5B01C5743BD00D7C26A /* AppDelegate.swift */,
				F68FC5B41C5743BD00D7C26A /* Main.storyboard */,
				F68FC5B71C5743BD00D7C26A /* Assets.xcassets */,
				F68FC5B91C5743BD00D7C26A /* LaunchScreen.storyboard */,
				F68FC5BC1C5743BD00D7C26A /* Info.plist */,
			);
			path = MovieViewer;
			sourceTree = "<group>";
		};
		F68FC5C41C5749CD00D7C26A /* Views */ = {
			isa = PBXGroup;
			children = (
				F68FC5C51C5749FE00D7C26A /* MovieCell.swift */,
			);
			name = Views;
			sourceTree = "<group>";
		};
		F68FC5C71C574A0500D7C26A /* ViewControllers */ = {
			isa = PBXGroup;
			children = (
				F68FC5C21C5743F300D7C26A /* MoviesViewController.swift */,
				F64C97831C644E020050B169 /* DetailViewController.swift */,
			);
			name = ViewControllers;
			sourceTree = "<group>";
		};
/* End PBXGroup section */

/* Begin PBXNativeTarget section */
		F68FC5AC1C5743BD00D7C26A /* MovieViewer */ = {
			isa = PBXNativeTarget;
			buildConfigurationList = F68FC5BF1C5743BD00D7C26A /* Build configuration list for PBXNativeTarget "MovieViewer" */;
			buildPhases = (
				EB752A86F4CD8416B70659AB /* Check Pods Manifest.lock */,
				F68FC5A91C5743BD00D7C26A /* Sources */,
				F68FC5AA1C5743BD00D7C26A /* Frameworks */,
				F68FC5AB1C5743BD00D7C26A /* Resources */,
				26C71CAF6F6879C1B0463B23 /* Embed Pods Frameworks */,
				5C128BF302C36B74D42FFE47 /* Copy Pods Resources */,
			);
			buildRules = (
			);
			dependencies = (
			);
			name = MovieViewer;
			productName = MovieViewer;
			productReference = F68FC5AD1C5743BD00D7C26A /* MovieViewer.app */;
			productType = "com.apple.product-type.application";
		};
/* End PBXNativeTarget section */

/* Begin PBXProject section */
		F68FC5A51C5743BD00D7C26A /* Project object */ = {
			isa = PBXProject;
			attributes = {
				LastSwiftUpdateCheck = 0720;
				LastUpgradeCheck = 0720;
				ORGANIZATIONNAME = "Eugenia Leong";
				TargetAttributes = {
					F68FC5AC1C5743BD00D7C26A = {
						CreatedOnToolsVersion = 7.2;
					};
				};
			};
			buildConfigurationList = F68FC5A81C5743BD00D7C26A /* Build configuration list for PBXProject "MovieViewer" */;
			compatibilityVersion = "Xcode 3.2";
			developmentRegion = English;
			hasScannedForEncodings = 0;
			knownRegions = (
				en,
				Base,
			);
			mainGroup = F68FC5A41C5743BD00D7C26A;
			productRefGroup = F68FC5AE1C5743BD00D7C26A /* Products */;
			projectDirPath = "";
			projectRoot = "";
			targets = (
				F68FC5AC1C5743BD00D7C26A /* MovieViewer */,
			);
		};
/* End PBXProject section */

/* Begin PBXResourcesBuildPhase section */
		F68FC5AB1C5743BD00D7C26A /* Resources */ = {
			isa = PBXResourcesBuildPhase;
			buildActionMask = 2147483647;
			files = (
				F68FC5BB1C5743BD00D7C26A /* LaunchScreen.storyboard in Resources */,
				F68FC5B81C5743BD00D7C26A /* Assets.xcassets in Resources */,
				F68FC5B61C5743BD00D7C26A /* Main.storyboard in Resources */,
			);
			runOnlyForDeploymentPostprocessing = 0;
		};
/* End PBXResourcesBuildPhase section */

/* Begin PBXShellScriptBuildPhase section */
		26C71CAF6F6879C1B0463B23 /* Embed Pods Frameworks */ = {
			isa = PBXShellScriptBuildPhase;
			buildActionMask = 2147483647;
			files = (
			);
			inputPaths = (
			);
			name = "Embed Pods Frameworks";
			outputPaths = (
			);
			runOnlyForDeploymentPostprocessing = 0;
			shellPath = /bin/sh;
			shellScript = "\"${SRCROOT}/Pods/Target Support Files/Pods-MovieViewer/Pods-MovieViewer-frameworks.sh\"\n";
			showEnvVarsInLog = 0;
		};
		5C128BF302C36B74D42FFE47 /* Copy Pods Resources */ = {
			isa = PBXShellScriptBuildPhase;
			buildActionMask = 2147483647;
			files = (
			);
			inputPaths = (
			);
			name = "Copy Pods Resources";
			outputPaths = (
			);
			runOnlyForDeploymentPostprocessing = 0;
			shellPath = /bin/sh;
			shellScript = "\"${SRCROOT}/Pods/Target Support Files/Pods-MovieViewer/Pods-MovieViewer-resources.sh\"\n";
			showEnvVarsInLog = 0;
		};
		EB752A86F4CD8416B70659AB /* Check Pods Manifest.lock */ = {
			isa = PBXShellScriptBuildPhase;
			buildActionMask = 2147483647;
			files = (
			);
			inputPaths = (
			);
			name = "Check Pods Manifest.lock";
			outputPaths = (
			);
			runOnlyForDeploymentPostprocessing = 0;
			shellPath = /bin/sh;
			shellScript = "diff \"${PODS_ROOT}/../Podfile.lock\" \"${PODS_ROOT}/Manifest.lock\" > /dev/null\nif [[ $? != 0 ]] ; then\n    cat << EOM\nerror: The sandbox is not in sync with the Podfile.lock. Run 'pod install' or update your CocoaPods installation.\nEOM\n    exit 1\nfi\n";
			showEnvVarsInLog = 0;
		};
/* End PBXShellScriptBuildPhase section */

/* Begin PBXSourcesBuildPhase section */
		F68FC5A91C5743BD00D7C26A /* Sources */ = {
			isa = PBXSourcesBuildPhase;
			buildActionMask = 2147483647;
			files = (
				F68FC5B11C5743BD00D7C26A /* AppDelegate.swift in Sources */,
				F68FC5C31C5743F300D7C26A /* MoviesViewController.swift in Sources */,
				F68FC5C61C5749FE00D7C26A /* MovieCell.swift in Sources */,
				F64C97841C644E020050B169 /* DetailViewController.swift in Sources */,
			);
			runOnlyForDeploymentPostprocessing = 0;
		};
/* End PBXSourcesBuildPhase section */

/* Begin PBXVariantGroup section */
		F68FC5B41C5743BD00D7C26A /* Main.storyboard */ = {
			isa = PBXVariantGroup;
			children = (
				F68FC5B51C5743BD00D7C26A /* Base */,
			);
			name = Main.storyboard;
			sourceTree = "<group>";
		};
		F68FC5B91C5743BD00D7C26A /* LaunchScreen.storyboard */ = {
			isa = PBXVariantGroup;
			children = (
				F68FC5BA1C5743BD00D7C26A /* Base */,
			);
			name = LaunchScreen.storyboard;
			sourceTree = "<group>";
		};
/* End PBXVariantGroup section */

/* Begin XCBuildConfiguration section */
		F68FC5BD1C5743BD00D7C26A /* Debug */ = {
			isa = XCBuildConfiguration;
			buildSettings = {
				ALWAYS_SEARCH_USER_PATHS = NO;
				CLANG_CXX_LANGUAGE_STANDARD = "gnu++0x";
				CLANG_CXX_LIBRARY = "libc++";
				CLANG_ENABLE_MODULES = YES;
				CLANG_ENABLE_OBJC_ARC = YES;
				CLANG_WARN_BOOL_CONVERSION = YES;
				CLANG_WARN_CONSTANT_CONVERSION = YES;
				CLANG_WARN_DIRECT_OBJC_ISA_USAGE = YES_ERROR;
				CLANG_WARN_EMPTY_BODY = YES;
				CLANG_WARN_ENUM_CONVERSION = YES;
				CLANG_WARN_INT_CONVERSION = YES;
				CLANG_WARN_OBJC_ROOT_CLASS = YES_ERROR;
				CLANG_WARN_UNREACHABLE_CODE = YES;
				CLANG_WARN__DUPLICATE_METHOD_MATCH = YES;
				"CODE_SIGN_IDENTITY[sdk=iphoneos*]" = "iPhone Developer";
				COPY_PHASE_STRIP = NO;
				DEBUG_INFORMATION_FORMAT = dwarf;
				ENABLE_STRICT_OBJC_MSGSEND = YES;
				ENABLE_TESTABILITY = YES;
				GCC_C_LANGUAGE_STANDARD = gnu99;
				GCC_DYNAMIC_NO_PIC = NO;
				GCC_NO_COMMON_BLOCKS = YES;
				GCC_OPTIMIZATION_LEVEL = 0;
				GCC_PREPROCESSOR_DEFINITIONS = (
					"DEBUG=1",
					"$(inherited)",
				);
				GCC_WARN_64_TO_32_BIT_CONVERSION = YES;
				GCC_WARN_ABOUT_RETURN_TYPE = YES_ERROR;
				GCC_WARN_UNDECLARED_SELECTOR = YES;
				GCC_WARN_UNINITIALIZED_AUTOS = YES_AGGRESSIVE;
				GCC_WARN_UNUSED_FUNCTION = YES;
				GCC_WARN_UNUSED_VARIABLE = YES;
				IPHONEOS_DEPLOYMENT_TARGET = 9.2;
				MTL_ENABLE_DEBUG_INFO = YES;
				ONLY_ACTIVE_ARCH = YES;
				SDKROOT = iphoneos;
				SWIFT_OPTIMIZATION_LEVEL = "-Onone";
				TARGETED_DEVICE_FAMILY = "1,2";
			};
			name = Debug;
		};
		F68FC5BE1C5743BD00D7C26A /* Release */ = {
			isa = XCBuildConfiguration;
			buildSettings = {
				ALWAYS_SEARCH_USER_PATHS = NO;
				CLANG_CXX_LANGUAGE_STANDARD = "gnu++0x";
				CLANG_CXX_LIBRARY = "libc++";
				CLANG_ENABLE_MODULES = YES;
				CLANG_ENABLE_OBJC_ARC = YES;
				CLANG_WARN_BOOL_CONVERSION = YES;
				CLANG_WARN_CONSTANT_CONVERSION = YES;
				CLANG_WARN_DIRECT_OBJC_ISA_USAGE = YES_ERROR;
				CLANG_WARN_EMPTY_BODY = YES;
				CLANG_WARN_ENUM_CONVERSION = YES;
				CLANG_WARN_INT_CONVERSION = YES;
				CLANG_WARN_OBJC_ROOT_CLASS = YES_ERROR;
				CLANG_WARN_UNREACHABLE_CODE = YES;
				CLANG_WARN__DUPLICATE_METHOD_MATCH = YES;
				"CODE_SIGN_IDENTITY[sdk=iphoneos*]" = "iPhone Developer";
				COPY_PHASE_STRIP = NO;
				DEBUG_INFORMATION_FORMAT = "dwarf-with-dsym";
				ENABLE_NS_ASSERTIONS = NO;
				ENABLE_STRICT_OBJC_MSGSEND = YES;
				GCC_C_LANGUAGE_STANDARD = gnu99;
				GCC_NO_COMMON_BLOCKS = YES;
				GCC_WARN_64_TO_32_BIT_CONVERSION = YES;
				GCC_WARN_ABOUT_RETURN_TYPE = YES_ERROR;
				GCC_WARN_UNDECLARED_SELECTOR = YES;
				GCC_WARN_UNINITIALIZED_AUTOS = YES_AGGRESSIVE;
				GCC_WARN_UNUSED_FUNCTION = YES;
				GCC_WARN_UNUSED_VARIABLE = YES;
				IPHONEOS_DEPLOYMENT_TARGET = 9.2;
				MTL_ENABLE_DEBUG_INFO = NO;
				SDKROOT = iphoneos;
				TARGETED_DEVICE_FAMILY = "1,2";
				VALIDATE_PRODUCT = YES;
			};
			name = Release;
		};
		F68FC5C01C5743BD00D7C26A /* Debug */ = {
			isa = XCBuildConfiguration;
			baseConfigurationReference = C999F4B12CEA28681ACD5DC7 /* Pods-MovieViewer.debug.xcconfig */;
			buildSettings = {
				ASSETCATALOG_COMPILER_APPICON_NAME = AppIcon;
				INFOPLIST_FILE = MovieViewer/Info.plist;
				LD_RUNPATH_SEARCH_PATHS = "$(inherited) @executable_path/Frameworks";
				PRODUCT_BUNDLE_IDENTIFIER = eugenialeong.com.MovieViewer;
				PRODUCT_NAME = "$(TARGET_NAME)";
			};
			name = Debug;
		};
		F68FC5C11C5743BD00D7C26A /* Release */ = {
			isa = XCBuildConfiguration;
			baseConfigurationReference = CDB32CE94615A2C69A75D579 /* Pods-MovieViewer.release.xcconfig */;
			buildSettings = {
				ASSETCATALOG_COMPILER_APPICON_NAME = AppIcon;
				INFOPLIST_FILE = MovieViewer/Info.plist;
				LD_RUNPATH_SEARCH_PATHS = "$(inherited) @executable_path/Frameworks";
				PRODUCT_BUNDLE_IDENTIFIER = eugenialeong.com.MovieViewer;
				PRODUCT_NAME = "$(TARGET_NAME)";
			};
			name = Release;
		};
/* End XCBuildConfiguration section */

/* Begin XCConfigurationList section */
		F68FC5A81C5743BD00D7C26A /* Build configuration list for PBXProject "MovieViewer" */ = {
			isa = XCConfigurationList;
			buildConfigurations = (
				F68FC5BD1C5743BD00D7C26A /* Debug */,
				F68FC5BE1C5743BD00D7C26A /* Release */,
			);
			defaultConfigurationIsVisible = 0;
			defaultConfigurationName = Release;
		};
		F68FC5BF1C5743BD00D7C26A /* Build configuration list for PBXNativeTarget "MovieViewer" */ = {
			isa = XCConfigurationList;
			buildConfigurations = (
				F68FC5C01C5743BD00D7C26A /* Debug */,
				F68FC5C11C5743BD00D7C26A /* Release */,
			);
			defaultConfigurationIsVisible = 0;
			defaultConfigurationName = Release;
		};
/* End XCConfigurationList section */
	};
	rootObject = F68FC5A51C5743BD00D7C26A /* Project object */;
}
